
Microsoft Visual Studio Solution File, Format Version 12.00
# Visual Studio Version 17
VisualStudioVersion = 17.5.002.0
MinimumVisualStudioVersion = 10.0.40219.1
Project("{9A19103F-16F7-4668-BE54-9A1E7A4F7556}") = "JWTWebAPISample", "JWTWebAPISample.csproj", "{B1E411D9-2513-43DC-AEC7-A239FB625680}"
EndProject
Global
	GlobalSection(SolutionConfigurationPlatforms) = preSolution
		Debug|Any CPU = Debug|Any CPU
		Release|Any CPU = Release|Any CPU
	EndGlobalSection
	GlobalSection(ProjectConfigurationPlatforms) = postSolution
		{B1E411D9-2513-43DC-AEC7-A239FB625680}.Debug|Any CPU.ActiveCfg = Debug|Any CPU
		{B1E411D9-2513-43DC-AEC7-A239FB625680}.Debug|Any CPU.Build.0 = Debug|Any CPU
		{B1E411D9-2513-43DC-AEC7-A239FB625680}.Release|Any CPU.ActiveCfg = Release|Any CPU
		{B1E411D9-2513-43DC-AEC7-A239FB625680}.Release|Any CPU.Build.0 = Release|Any CPU
	EndGlobalSection
	GlobalSection(SolutionProperties) = preSolution
		HideSolutionNode = FALSE
	EndGlobalSection
	GlobalSection(ExtensibilityGlobals) = postSolution
		SolutionGuid = {CA5D2F60-90BB-4452-999B-E122D4127013}
	EndGlobalSection
EndGlobal
